
Microsoft Visual Studio Solution File, Format Version 12.00
# Visual Studio Version 17
VisualStudioVersion = 17.8.34330.188
MinimumVisualStudioVersion = 10.0.40219.1
Project("{9A19103F-16F7-4668-BE54-9A1E7A4F7556}") = "Dolly", "Dolly\Dolly.csproj", "{214FEBA3-1B03-4D6B-AA91-4E241B86D1A7}"
EndProject
Project("{9A19103F-16F7-4668-BE54-9A1E7A4F7556}") = "Dolly.Exmaple", "Dolly.Exmaple\Dolly.Exmaple.csproj", "{989876B1-7FB4-45F7-8018-D82439AFC138}"
EndProject
Project("{2150E333-8FDC-42A3-9474-1A3956D46DE8}") = "Solution Items", "Solution Items", "{87321807-D37E-403F-BC23-1744EED3B6D0}"
	ProjectSection(SolutionItems) = preProject
		.editorconfig = .editorconfig
		.gitignore = .gitignore
		LICENSE = LICENSE
		README.md = README.md
	EndProjectSection
EndProject
Project("{FAE04EC0-301F-11D3-BF4B-00C04F79EFBC}") = "Dolly.Tests", "Dolly.Tests\Dolly.Tests.csproj", "{26CB6926-674A-4991-97F8-A8A157D0A7A9}"
EndProject
Project("{2150E333-8FDC-42A3-9474-1A3956D46DE8}") = ".github", ".github", "{68A679B2-5041-4F63-9A85-161BF308A462}"
	ProjectSection(SolutionItems) = preProject
		.github\FUNDING.yml = .github\FUNDING.yml
	EndProjectSection
EndProject
Project("{2150E333-8FDC-42A3-9474-1A3956D46DE8}") = "workflows", "workflows", "{85F4C354-2655-47CC-9401-7E444239EEAB}"
	ProjectSection(SolutionItems) = preProject
		.github\workflows\publish.yml = .github\workflows\publish.yml
		.github\workflows\test.yml = .github\workflows\test.yml
	EndProjectSection
EndProject
Global
	GlobalSection(SolutionConfigurationPlatforms) = preSolution
		Debug|Any CPU = Debug|Any CPU
		Release|Any CPU = Release|Any CPU
	EndGlobalSection
	GlobalSection(ProjectConfigurationPlatforms) = postSolution
		{214FEBA3-1B03-4D6B-AA91-4E241B86D1A7}.Debug|Any CPU.ActiveCfg = Debug|Any CPU
		{214FEBA3-1B03-4D6B-AA91-4E241B86D1A7}.Debug|Any CPU.Build.0 = Debug|Any CPU
		{214FEBA3-1B03-4D6B-AA91-4E241B86D1A7}.Release|Any CPU.ActiveCfg = Release|Any CPU
		{214FEBA3-1B03-4D6B-AA91-4E241B86D1A7}.Release|Any CPU.Build.0 = Release|Any CPU
		{989876B1-7FB4-45F7-8018-D82439AFC138}.Debug|Any CPU.ActiveCfg = Debug|Any CPU
		{989876B1-7FB4-45F7-8018-D82439AFC138}.Debug|Any CPU.Build.0 = Debug|Any CPU
		{989876B1-7FB4-45F7-8018-D82439AFC138}.Release|Any CPU.ActiveCfg = Release|Any CPU
		{989876B1-7FB4-45F7-8018-D82439AFC138}.Release|Any CPU.Build.0 = Release|Any CPU
		{26CB6926-674A-4991-97F8-A8A157D0A7A9}.Debug|Any CPU.ActiveCfg = Debug|Any CPU
		{26CB6926-674A-4991-97F8-A8A157D0A7A9}.Debug|Any CPU.Build.0 = Debug|Any CPU
		{26CB6926-674A-4991-97F8-A8A157D0A7A9}.Release|Any CPU.ActiveCfg = Release|Any CPU
		{26CB6926-674A-4991-97F8-A8A157D0A7A9}.Release|Any CPU.Build.0 = Release|Any CPU
	EndGlobalSection
	GlobalSection(SolutionProperties) = preSolution
		HideSolutionNode = FALSE
	EndGlobalSection
	GlobalSection(NestedProjects) = preSolution
		{68A679B2-5041-4F63-9A85-161BF308A462} = {87321807-D37E-403F-BC23-1744EED3B6D0}
		{85F4C354-2655-47CC-9401-7E444239EEAB} = {68A679B2-5041-4F63-9A85-161BF308A462}
	EndGlobalSection
	GlobalSection(ExtensibilityGlobals) = postSolution
		SolutionGuid = {AFD17C3A-509A-43B0-A036-1D0060F3636B}
	EndGlobalSection
EndGlobal
